
Microsoft Visual Studio Solution File, Format Version 12.00
# Visual Studio 15
VisualStudioVersion = 15.0.26730.12
MinimumVisualStudioVersion = 10.0.40219.1
Project("{FAE04EC0-301F-11D3-BF4B-00C04F79EFBC}") = "IPD12-SuperExpress", "IPD12-SuperExpress\IPD12-SuperExpress.csproj", "{68367698-42D8-48ED-B14E-21F1A7DFDCCA}"
EndProject
Global
	GlobalSection(SolutionConfigurationPlatforms) = preSolution
		Debug|Any CPU = Debug|Any CPU
		Release|Any CPU = Release|Any CPU
	EndGlobalSection
	GlobalSection(ProjectConfigurationPlatforms) = postSolution
		{68367698-42D8-48ED-B14E-21F1A7DFDCCA}.Debug|Any CPU.ActiveCfg = Debug|Any CPU
		{68367698-42D8-48ED-B14E-21F1A7DFDCCA}.Debug|Any CPU.Build.0 = Debug|Any CPU
		{68367698-42D8-48ED-B14E-21F1A7DFDCCA}.Release|Any CPU.ActiveCfg = Release|Any CPU
		{68367698-42D8-48ED-B14E-21F1A7DFDCCA}.Release|Any CPU.Build.0 = Release|Any CPU
	EndGlobalSection
	GlobalSection(SolutionProperties) = preSolution
		HideSolutionNode = FALSE
	EndGlobalSection
	GlobalSection(ExtensibilityGlobals) = postSolution
		SolutionGuid = {D6235B3D-7437-4C30-A02C-E6C3B1B335AD}
	EndGlobalSection
EndGlobal
